PODS:
  - Nimble (7.3.1)
  - Quick (1.3.2)

DEPENDENCIES:
  - Nimble (from `https://github.com/Quick/Nimble.git`)
  - Quick (from `https://github.com/Quick/Quick.git`)

EXTERNAL SOURCES:
  Nimble:
    :git: https://github.com/Quick/Nimble.git
  Quick:
    :git: https://github.com/Quick/Quick.git

CHECKOUT OPTIONS:
  Nimble:
    :commit: c72edbbd6358090f8f1c4b6141538ebc88d167d9
    :git: https://github.com/Quick/Nimble.git
  Quick:
    :commit: 044ea18d202369e33e1fc1849498a7824b89f1c4
    :git: https://github.com/Quick/Quick.git

SPEC CHECKSUMS:
  Nimble: b8e7e9a89ec640b81d31d8cd222e5ad51ed70e82
  Quick: acb3af63abbb8ccf32e53c5b522061899b49391d

PODFILE CHECKSUM: 3e06e73445f6eb1af933134779cc87155c17c8ad

COCOAPODS: 1.14.2
