PODS:
  - Nimble (7.0.2)
  - Quick (1.1.0)

DEPENDENCIES:
  - Nimble (from `https://github.com/Quick/Nimble.git`)
  - Quick (from `https://github.com/Quick/Quick.git`)

EXTERNAL SOURCES:
  Nimble:
    :git: https://github.com/Quick/Nimble.git
  Quick:
    :git: https://github.com/Quick/Quick.git

CHECKOUT OPTIONS:
  Nimble:
    :commit: 38c9ab0846a3fbec308eb2aa9ef68b10a7434eb4
    :git: https://github.com/Quick/Nimble.git
  Quick:
    :commit: 3665ae9570b682a562df847cccbb46811864676a
    :git: https://github.com/Quick/Quick.git

SPEC CHECKSUMS:
  Nimble: 5c3b8c4b0229d95c2c7b0005e2edf244937dbb04
  Quick: 4700beb8056662b579facd79eaca7f04fb3d48e6

PODFILE CHECKSUM: 5c3f231fd128c753b666a5552cc91ff9c3581a61

COCOAPODS: 1.3.1
